// !$*UTF8*$!
{
	archiveVersion = 1;
	classes = {
	};
	objectVersion = 56;
	objects = {

/* Begin PBXBuildFile section */
		F37A7BF32A87922B004922D9 /* AppDelegate.swift in Sources */ = {isa = PBXBuildFile; fileRef = F37A7BF22A87922B004922D9 /* AppDelegate.swift */; };
		F37A7BF52A87922B004922D9 /* SceneDelegate.swift in Sources */ = {isa = PBXBuildFile; fileRef = F37A7BF42A87922B004922D9 /* SceneDelegate.swift */; };
		F37A7BF72A87922B004922D9 /* ViewController.swift in Sources */ = {isa = PBXBuildFile; fileRef = F37A7BF62A87922B004922D9 /* ViewController.swift */; };
		F37A7BFC2A87922D004922D9 /* Assets.xcassets in Resources */ = {isa = PBXBuildFile; fileRef = F37A7BFB2A87922D004922D9 /* Assets.xcassets */; };
		F37A7BFF2A87922D004922D9 /* LaunchScreen.storyboard in Resources */ = {isa = PBXBuildFile; fileRef = F37A7BFD2A87922D004922D9 /* LaunchScreen.storyboard */; };
		F37A7C082A879384004922D9 /* Realm in Frameworks */ = {isa = PBXBuildFile; productRef = F37A7C072A879384004922D9 /* Realm */; };
		F37A7C0A2A879384004922D9 /* RealmSwift in Frameworks */ = {isa = PBXBuildFile; productRef = F37A7C092A879384004922D9 /* RealmSwift */; };
		F37A7C0C2A8793A0004922D9 /* StorageService.swift in Sources */ = {isa = PBXBuildFile; fileRef = F37A7C0B2A8793A0004922D9 /* StorageService.swift */; };
		F37A7C0E2A8793B9004922D9 /* JokeRealm.swift in Sources */ = {isa = PBXBuildFile; fileRef = F37A7C0D2A8793B9004922D9 /* JokeRealm.swift */; };
		F37A7C102A8793E7004922D9 /* TabBarController.swift in Sources */ = {isa = PBXBuildFile; fileRef = F37A7C0F2A8793E7004922D9 /* TabBarController.swift */; };
		F37A7C122A879405004922D9 /* JokeModel.swift in Sources */ = {isa = PBXBuildFile; fileRef = F37A7C112A879405004922D9 /* JokeModel.swift */; };
		F37A7C142A879422004922D9 /* NetworkService.swift in Sources */ = {isa = PBXBuildFile; fileRef = F37A7C132A879422004922D9 /* NetworkService.swift */; };
		F37A7C162A87945F004922D9 /* TableJokeTableViewController.swift in Sources */ = {isa = PBXBuildFile; fileRef = F37A7C152A87945F004922D9 /* TableJokeTableViewController.swift */; };
		F37A7C182A879491004922D9 /* JokeTableViewCell.swift in Sources */ = {isa = PBXBuildFile; fileRef = F37A7C172A879491004922D9 /* JokeTableViewCell.swift */; };
		F37A7C1A2A8794D5004922D9 /* CategoriesTableViewController.swift in Sources */ = {isa = PBXBuildFile; fileRef = F37A7C192A8794D5004922D9 /* CategoriesTableViewController.swift */; };
		F37A7C1C2A87A1D6004922D9 /* JokesInCategoryTableViewCell.swift in Sources */ = {isa = PBXBuildFile; fileRef = F37A7C1B2A87A1D6004922D9 /* JokesInCategoryTableViewCell.swift */; };
/* End PBXBuildFile section */

/* Begin PBXFileReference section */
		F37A7BEF2A87922B004922D9 /* Realm_hw.app */ = {isa = PBXFileReference; explicitFileType = wrapper.application; includeInIndex = 0; path = Realm_hw.app; sourceTree = BUILT_PRODUCTS_DIR; };
		F37A7BF22A87922B004922D9 /* AppDelegate.swift */ = {isa = PBXFileReference; lastKnownFileType = sourcecode.swift; path = AppDelegate.swift; sourceTree = "<group>"; };
		F37A7BF42A87922B004922D9 /* SceneDelegate.swift */ = {isa = PBXFileReference; lastKnownFileType = sourcecode.swift; path = SceneDelegate.swift; sourceTree = "<group>"; };
		F37A7BF62A87922B004922D9 /* ViewController.swift */ = {isa = PBXFileReference; lastKnownFileType = sourcecode.swift; path = ViewController.swift; sourceTree = "<group>"; };
		F37A7BFB2A87922D004922D9 /* Assets.xcassets */ = {isa = PBXFileReference; lastKnownFileType = folder.assetcatalog; path = Assets.xcassets; sourceTree = "<group>"; };
		F37A7BFE2A87922D004922D9 /* Base */ = {isa = PBXFileReference; lastKnownFileType = file.storyboard; name = Base; path = Base.lproj/LaunchScreen.storyboard; sourceTree = "<group>"; };
		F37A7C002A87922D004922D9 /* Info.plist */ = {isa = PBXFileReference; lastKnownFileType = text.plist.xml; path = Info.plist; sourceTree = "<group>"; };
		F37A7C0B2A8793A0004922D9 /* StorageService.swift */ = {isa = PBXFileReference; lastKnownFileType = sourcecode.swift; path = StorageService.swift; sourceTree = "<group>"; };
		F37A7C0D2A8793B9004922D9 /* JokeRealm.swift */ = {isa = PBXFileReference; lastKnownFileType = sourcecode.swift; path = JokeRealm.swift; sourceTree = "<group>"; };
		F37A7C0F2A8793E7004922D9 /* TabBarController.swift */ = {isa = PBXFileReference; lastKnownFileType = sourcecode.swift; path = TabBarController.swift; sourceTree = "<group>"; };
		F37A7C112A879405004922D9 /* JokeModel.swift */ = {isa = PBXFileReference; lastKnownFileType = sourcecode.swift; path = JokeModel.swift; sourceTree = "<group>"; };
		F37A7C132A879422004922D9 /* NetworkService.swift */ = {isa = PBXFileReference; lastKnownFileType = sourcecode.swift; path = NetworkService.swift; sourceTree = "<group>"; };
		F37A7C152A87945F004922D9 /* TableJokeTableViewController.swift */ = {isa = PBXFileReference; lastKnownFileType = sourcecode.swift; path = TableJokeTableViewController.swift; sourceTree = "<group>"; };
		F37A7C172A879491004922D9 /* JokeTableViewCell.swift */ = {isa = PBXFileReference; lastKnownFileType = sourcecode.swift; path = JokeTableViewCell.swift; sourceTree = "<group>"; };
		F37A7C192A8794D5004922D9 /* CategoriesTableViewController.swift */ = {isa = PBXFileReference; lastKnownFileType = sourcecode.swift; path = CategoriesTableViewController.swift; sourceTree = "<group>"; };
		F37A7C1B2A87A1D6004922D9 /* JokesInCategoryTableViewCell.swift */ = {isa = PBXFileReference; lastKnownFileType = sourcecode.swift; path = JokesInCategoryTableViewCell.swift; sourceTree = "<group>"; };
/* End PBXFileReference section */

/* Begin PBXFrameworksBuildPhase section */
		F37A7BEC2A87922B004922D9 /* Frameworks */ = {
			isa = PBXFrameworksBuildPhase;
			buildActionMask = 2147483647;
			files = (
				F37A7C0A2A879384004922D9 /* RealmSwift in Frameworks */,
				F37A7C082A879384004922D9 /* Realm in Frameworks */,
			);
			runOnlyForDeploymentPostprocessing = 0;
		};
/* End PBXFrameworksBuildPhase section */

/* Begin PBXGroup section */
		F37A7BE62A87922B004922D9 = {
			isa = PBXGroup;
			children = (
				F37A7BF12A87922B004922D9 /* Realm_hw */,
				F37A7BF02A87922B004922D9 /* Products */,
			);
			sourceTree = "<group>";
		};
		F37A7BF02A87922B004922D9 /* Products */ = {
			isa = PBXGroup;
			children = (
				F37A7BEF2A87922B004922D9 /* Realm_hw.app */,
			);
			name = Products;
			sourceTree = "<group>";
		};
		F37A7BF12A87922B004922D9 /* Realm_hw */ = {
			isa = PBXGroup;
			children = (
				F37A7C0B2A8793A0004922D9 /* StorageService.swift */,
				F37A7C0D2A8793B9004922D9 /* JokeRealm.swift */,
				F37A7C0F2A8793E7004922D9 /* TabBarController.swift */,
				F37A7BF22A87922B004922D9 /* AppDelegate.swift */,
				F37A7BF42A87922B004922D9 /* SceneDelegate.swift */,
				F37A7BF62A87922B004922D9 /* ViewController.swift */,
				F37A7C112A879405004922D9 /* JokeModel.swift */,
				F37A7C132A879422004922D9 /* NetworkService.swift */,
				F37A7C152A87945F004922D9 /* TableJokeTableViewController.swift */,
				F37A7C172A879491004922D9 /* JokeTableViewCell.swift */,
				F37A7C192A8794D5004922D9 /* CategoriesTableViewController.swift */,
				F37A7C1B2A87A1D6004922D9 /* JokesInCategoryTableViewCell.swift */,
				F37A7BFB2A87922D004922D9 /* Assets.xcassets */,
				F37A7BFD2A87922D004922D9 /* LaunchScreen.storyboard */,
				F37A7C002A87922D004922D9 /* Info.plist */,
			);
			path = Realm_hw;
			sourceTree = "<group>";
		};
/* End PBXGroup section */

/* Begin PBXNativeTarget section */
		F37A7BEE2A87922B004922D9 /* Realm_hw */ = {
			isa = PBXNativeTarget;
			buildConfigurationList = F37A7C032A87922D004922D9 /* Build configuration list for PBXNativeTarget "Realm_hw" */;
			buildPhases = (
				F37A7BEB2A87922B004922D9 /* Sources */,
				F37A7BEC2A87922B004922D9 /* Frameworks */,
				F37A7BED2A87922B004922D9 /* Resources */,
			);
			buildRules = (
			);
			dependencies = (
			);
			name = Realm_hw;
			packageProductDependencies = (
				F37A7C072A879384004922D9 /* Realm */,
				F37A7C092A879384004922D9 /* RealmSwift */,
			);
			productName = Realm_hw;
			productReference = F37A7BEF2A87922B004922D9 /* Realm_hw.app */;
			productType = "com.apple.product-type.application";
		};
/* End PBXNativeTarget section */

/* Begin PBXProject section */
		F37A7BE72A87922B004922D9 /* Project object */ = {
			isa = PBXProject;
			attributes = {
				BuildIndependentTargetsInParallel = 1;
				LastSwiftUpdateCheck = 1430;
				LastUpgradeCheck = 1430;
				TargetAttributes = {
					F37A7BEE2A87922B004922D9 = {
						CreatedOnToolsVersion = 14.3;
					};
				};
			};
			buildConfigurationList = F37A7BEA2A87922B004922D9 /* Build configuration list for PBXProject "Realm_hw" */;
			compatibilityVersion = "Xcode 14.0";
			developmentRegion = en;
			hasScannedForEncodings = 0;
			knownRegions = (
				en,
				Base,
			);
			mainGroup = F37A7BE62A87922B004922D9;
			packageReferences = (
				F37A7C062A879384004922D9 /* XCRemoteSwiftPackageReference "realm-swift" */,
			);
			productRefGroup = F37A7BF02A87922B004922D9 /* Products */;
			projectDirPath = "";
			projectRoot = "";
			targets = (
				F37A7BEE2A87922B004922D9 /* Realm_hw */,
			);
		};
/* End PBXProject section */

/* Begin PBXResourcesBuildPhase section */
		F37A7BED2A87922B004922D9 /* Resources */ = {
			isa = PBXResourcesBuildPhase;
			buildActionMask = 2147483647;
			files = (
				F37A7BFF2A87922D004922D9 /* LaunchScreen.storyboard in Resources */,
				F37A7BFC2A87922D004922D9 /* Assets.xcassets in Resources */,
			);
			runOnlyForDeploymentPostprocessing = 0;
		};
/* End PBXResourcesBuildPhase section */

/* Begin PBXSourcesBuildPhase section */
		F37A7BEB2A87922B004922D9 /* Sources */ = {
			isa = PBXSourcesBuildPhase;
			buildActionMask = 2147483647;
			files = (
				F37A7C122A879405004922D9 /* JokeModel.swift in Sources */,
				F37A7C162A87945F004922D9 /* TableJokeTableViewController.swift in Sources */,
				F37A7BF72A87922B004922D9 /* ViewController.swift in Sources */,
				F37A7C142A879422004922D9 /* NetworkService.swift in Sources */,
				F37A7C0C2A8793A0004922D9 /* StorageService.swift in Sources */,
				F37A7C1A2A8794D5004922D9 /* CategoriesTableViewController.swift in Sources */,
				F37A7BF32A87922B004922D9 /* AppDelegate.swift in Sources */,
				F37A7C182A879491004922D9 /* JokeTableViewCell.swift in Sources */,
				F37A7C102A8793E7004922D9 /* TabBarController.swift in Sources */,
				F37A7C1C2A87A1D6004922D9 /* JokesInCategoryTableViewCell.swift in Sources */,
				F37A7BF52A87922B004922D9 /* SceneDelegate.swift in Sources */,
				F37A7C0E2A8793B9004922D9 /* JokeRealm.swift in Sources */,
			);
			runOnlyForDeploymentPostprocessing = 0;
		};
/* End PBXSourcesBuildPhase section */

/* Begin PBXVariantGroup section */
		F37A7BFD2A87922D004922D9 /* LaunchScreen.storyboard */ = {
			isa = PBXVariantGroup;
			children = (
				F37A7BFE2A87922D004922D9 /* Base */,
			);
			name = LaunchScreen.storyboard;
			sourceTree = "<group>";
		};
/* End PBXVariantGroup section */

/* Begin XCBuildConfiguration section */
		F37A7C012A87922D004922D9 /* Debug */ = {
			isa = XCBuildConfiguration;
			buildSettings = {
				ALWAYS_SEARCH_USER_PATHS = NO;
				CLANG_ANALYZER_NONNULL = YES;
				CLANG_ANALYZER_NUMBER_OBJECT_CONVERSION = YES_AGGRESSIVE;
				CLANG_CXX_LANGUAGE_STANDARD = "gnu++20";
				CLANG_ENABLE_MODULES = YES;
				CLANG_ENABLE_OBJC_ARC = YES;
				CLANG_ENABLE_OBJC_WEAK = YES;
				CLANG_WARN_BLOCK_CAPTURE_AUTORELEASING = YES;
				CLANG_WARN_BOOL_CONVERSION = YES;
				CLANG_WARN_COMMA = YES;
				CLANG_WARN_CONSTANT_CONVERSION = YES;
				CLANG_WARN_DEPRECATED_OBJC_IMPLEMENTATIONS = YES;
				CLANG_WARN_DIRECT_OBJC_ISA_USAGE = YES_ERROR;
				CLANG_WARN_DOCUMENTATION_COMMENTS = YES;
				CLANG_WARN_EMPTY_BODY = YES;
				CLANG_WARN_ENUM_CONVERSION = YES;
				CLANG_WARN_INFINITE_RECURSION = YES;
				CLANG_WARN_INT_CONVERSION = YES;
				CLANG_WARN_NON_LITERAL_NULL_CONVERSION = YES;
				CLANG_WARN_OBJC_IMPLICIT_RETAIN_SELF = YES;
				CLANG_WARN_OBJC_LITERAL_CONVERSION = YES;
				CLANG_WARN_OBJC_ROOT_CLASS = YES_ERROR;
				CLANG_WARN_QUOTED_INCLUDE_IN_FRAMEWORK_HEADER = YES;
				CLANG_WARN_RANGE_LOOP_ANALYSIS = YES;
				CLANG_WARN_STRICT_PROTOTYPES = YES;
				CLANG_WARN_SUSPICIOUS_MOVE = YES;
				CLANG_WARN_UNGUARDED_AVAILABILITY = YES_AGGRESSIVE;
				CLANG_WARN_UNREACHABLE_CODE = YES;
				CLANG_WARN__DUPLICATE_METHOD_MATCH = YES;
				COPY_PHASE_STRIP = NO;
				DEBUG_INFORMATION_FORMAT = dwarf;
				ENABLE_STRICT_OBJC_MSGSEND = YES;
				ENABLE_TESTABILITY = YES;
				GCC_C_LANGUAGE_STANDARD = gnu11;
				GCC_DYNAMIC_NO_PIC = NO;
				GCC_NO_COMMON_BLOCKS = YES;
				GCC_OPTIMIZATION_LEVEL = 0;
				GCC_PREPROCESSOR_DEFINITIONS = (
					"DEBUG=1",
					"$(inherited)",
				);
				GCC_WARN_64_TO_32_BIT_CONVERSION = YES;
				GCC_WARN_ABOUT_RETURN_TYPE = YES_ERROR;
				GCC_WARN_UNDECLARED_SELECTOR = YES;
				GCC_WARN_UNINITIALIZED_AUTOS = YES_AGGRESSIVE;
				GCC_WARN_UNUSED_FUNCTION = YES;
				GCC_WARN_UNUSED_VARIABLE = YES;
				IPHONEOS_DEPLOYMENT_TARGET = 16.4;
				MTL_ENABLE_DEBUG_INFO = INCLUDE_SOURCE;
				MTL_FAST_MATH = YES;
				ONLY_ACTIVE_ARCH = YES;
				SDKROOT = iphoneos;
				SWIFT_ACTIVE_COMPILATION_CONDITIONS = DEBUG;
				SWIFT_OPTIMIZATION_LEVEL = "-Onone";
			};
			name = Debug;
		};
		F37A7C022A87922D004922D9 /* Release */ = {
			isa = XCBuildConfiguration;
			buildSettings = {
				ALWAYS_SEARCH_USER_PATHS = NO;
				CLANG_ANALYZER_NONNULL = YES;
				CLANG_ANALYZER_NUMBER_OBJECT_CONVERSION = YES_AGGRESSIVE;
				CLANG_CXX_LANGUAGE_STANDARD = "gnu++20";
				CLANG_ENABLE_MODULES = YES;
				CLANG_ENABLE_OBJC_ARC = YES;
				CLANG_ENABLE_OBJC_WEAK = YES;
				CLANG_WARN_BLOCK_CAPTURE_AUTORELEASING = YES;
				CLANG_WARN_BOOL_CONVERSION = YES;
				CLANG_WARN_COMMA = YES;
				CLANG_WARN_CONSTANT_CONVERSION = YES;
				CLANG_WARN_DEPRECATED_OBJC_IMPLEMENTATIONS = YES;
				CLANG_WARN_DIRECT_OBJC_ISA_USAGE = YES_ERROR;
				CLANG_WARN_DOCUMENTATION_COMMENTS = YES;
				CLANG_WARN_EMPTY_BODY = YES;
				CLANG_WARN_ENUM_CONVERSION = YES;
				CLANG_WARN_INFINITE_RECURSION = YES;
				CLANG_WARN_INT_CONVERSION = YES;
				CLANG_WARN_NON_LITERAL_NULL_CONVERSION = YES;
				CLANG_WARN_OBJC_IMPLICIT_RETAIN_SELF = YES;
				CLANG_WARN_OBJC_LITERAL_CONVERSION = YES;
				CLANG_WARN_OBJC_ROOT_CLASS = YES_ERROR;
				CLANG_WARN_QUOTED_INCLUDE_IN_FRAMEWORK_HEADER = YES;
				CLANG_WARN_RANGE_LOOP_ANALYSIS = YES;
				CLANG_WARN_STRICT_PROTOTYPES = YES;
				CLANG_WARN_SUSPICIOUS_MOVE = YES;
				CLANG_WARN_UNGUARDED_AVAILABILITY = YES_AGGRESSIVE;
				CLANG_WARN_UNREACHABLE_CODE = YES;
				CLANG_WARN__DUPLICATE_METHOD_MATCH = YES;
				COPY_PHASE_STRIP = NO;
				DEBUG_INFORMATION_FORMAT = "dwarf-with-dsym";
				ENABLE_NS_ASSERTIONS = NO;
				ENABLE_STRICT_OBJC_MSGSEND = YES;
				GCC_C_LANGUAGE_STANDARD = gnu11;
				GCC_NO_COMMON_BLOCKS = YES;
				GCC_WARN_64_TO_32_BIT_CONVERSION = YES;
				GCC_WARN_ABOUT_RETURN_TYPE = YES_ERROR;
				GCC_WARN_UNDECLARED_SELECTOR = YES;
				GCC_WARN_UNINITIALIZED_AUTOS = YES_AGGRESSIVE;
				GCC_WARN_UNUSED_FUNCTION = YES;
				GCC_WARN_UNUSED_VARIABLE = YES;
				IPHONEOS_DEPLOYMENT_TARGET = 16.4;
				MTL_ENABLE_DEBUG_INFO = NO;
				MTL_FAST_MATH = YES;
				SDKROOT = iphoneos;
				SWIFT_COMPILATION_MODE = wholemodule;
				SWIFT_OPTIMIZATION_LEVEL = "-O";
				VALIDATE_PRODUCT = YES;
			};
			name = Release;
		};
		F37A7C042A87922D004922D9 /* Debug */ = {
			isa = XCBuildConfiguration;
			buildSettings = {
				ASSETCATALOG_COMPILER_APPICON_NAME = AppIcon;
				ASSETCATALOG_COMPILER_GLOBAL_ACCENT_COLOR_NAME = AccentColor;
				CODE_SIGN_STYLE = Automatic;
				CURRENT_PROJECT_VERSION = 1;
				DEVELOPMENT_TEAM = 332MXW7JWG;
				GENERATE_INFOPLIST_FILE = YES;
				INFOPLIST_FILE = Realm_hw/Info.plist;
				INFOPLIST_KEY_UIApplicationSupportsIndirectInputEvents = YES;
				INFOPLIST_KEY_UILaunchStoryboardName = LaunchScreen;
				INFOPLIST_KEY_UISupportedInterfaceOrientations_iPad = "UIInterfaceOrientationPortrait UIInterfaceOrientationPortraitUpsideDown UIInterfaceOrientationLandscapeLeft UIInterfaceOrientationLandscapeRight";
				INFOPLIST_KEY_UISupportedInterfaceOrientations_iPhone = "UIInterfaceOrientationPortrait UIInterfaceOrientationLandscapeLeft UIInterfaceOrientationLandscapeRight";
				LD_RUNPATH_SEARCH_PATHS = (
					"$(inherited)",
					"@executable_path/Frameworks",
				);
				MARKETING_VERSION = 1.0;
				PRODUCT_BUNDLE_IDENTIFIER = "EZ.Realm-hw";
				PRODUCT_NAME = "$(TARGET_NAME)";
				SWIFT_EMIT_LOC_STRINGS = YES;
				SWIFT_VERSION = 5.0;
				TARGETED_DEVICE_FAMILY = "1,2";
			};
			name = Debug;
		};
		F37A7C052A87922D004922D9 /* Release */ = {
			isa = XCBuildConfiguration;
			buildSettings = {
				ASSETCATALOG_COMPILER_APPICON_NAME = AppIcon;
				ASSETCATALOG_COMPILER_GLOBAL_ACCENT_COLOR_NAME = AccentColor;
				CODE_SIGN_STYLE = Automatic;
				CURRENT_PROJECT_VERSION = 1;
				DEVELOPMENT_TEAM = 332MXW7JWG;
				GENERATE_INFOPLIST_FILE = YES;
				INFOPLIST_FILE = Realm_hw/Info.plist;
				INFOPLIST_KEY_UIApplicationSupportsIndirectInputEvents = YES;
				INFOPLIST_KEY_UILaunchStoryboardName = LaunchScreen;
				INFOPLIST_KEY_UISupportedInterfaceOrientations_iPad = "UIInterfaceOrientationPortrait UIInterfaceOrientationPortraitUpsideDown UIInterfaceOrientationLandscapeLeft UIInterfaceOrientationLandscapeRight";
				INFOPLIST_KEY_UISupportedInterfaceOrientations_iPhone = "UIInterfaceOrientationPortrait UIInterfaceOrientationLandscapeLeft UIInterfaceOrientationLandscapeRight";
				LD_RUNPATH_SEARCH_PATHS = (
					"$(inherited)",
					"@executable_path/Frameworks",
				);
				MARKETING_VERSION = 1.0;
				PRODUCT_BUNDLE_IDENTIFIER = "EZ.Realm-hw";
				PRODUCT_NAME = "$(TARGET_NAME)";
				SWIFT_EMIT_LOC_STRINGS = YES;
				SWIFT_VERSION = 5.0;
				TARGETED_DEVICE_FAMILY = "1,2";
			};
			name = Release;
		};
/* End XCBuildConfiguration section */

/* Begin XCConfigurationList section */
		F37A7BEA2A87922B004922D9 /* Build configuration list for PBXProject "Realm_hw" */ = {
			isa = XCConfigurationList;
			buildConfigurations = (
				F37A7C012A87922D004922D9 /* Debug */,
				F37A7C022A87922D004922D9 /* Release */,
			);
			defaultConfigurationIsVisible = 0;
			defaultConfigurationName = Release;
		};
		F37A7C032A87922D004922D9 /* Build configuration list for PBXNativeTarget "Realm_hw" */ = {
			isa = XCConfigurationList;
			buildConfigurations = (
				F37A7C042A87922D004922D9 /* Debug */,
				F37A7C052A87922D004922D9 /* Release */,
			);
			defaultConfigurationIsVisible = 0;
			defaultConfigurationName = Release;
		};
/* End XCConfigurationList section */

/* Begin XCRemoteSwiftPackageReference section */
		F37A7C062A879384004922D9 /* XCRemoteSwiftPackageReference "realm-swift" */ = {
			isa = XCRemoteSwiftPackageReference;
			repositoryURL = "https://github.com/realm/realm-swift.git";
			requirement = {
				branch = master;
				kind = branch;
			};
		};
/* End XCRemoteSwiftPackageReference section */

/* Begin XCSwiftPackageProductDependency section */
		F37A7C072A879384004922D9 /* Realm */ = {
			isa = XCSwiftPackageProductDependency;
			package = F37A7C062A879384004922D9 /* XCRemoteSwiftPackageReference "realm-swift" */;
			productName = Realm;
		};
		F37A7C092A879384004922D9 /* RealmSwift */ = {
			isa = XCSwiftPackageProductDependency;
			package = F37A7C062A879384004922D9 /* XCRemoteSwiftPackageReference "realm-swift" */;
			productName = RealmSwift;
		};
/* End XCSwiftPackageProductDependency section */
	};
	rootObject = F37A7BE72A87922B004922D9 /* Project object */;
}
